
Microsoft Visual Studio Solution File, Format Version 12.00
# Visual Studio Version 17
VisualStudioVersion = 17.11.35312.102
MinimumVisualStudioVersion = 10.0.40219.1
Project("{FAE04EC0-301F-11D3-BF4B-00C04F79EFBC}") = "CodeFirstAppWith2Tables", "CodeFirstAppWith2Tables\CodeFirstAppWith2Tables.csproj", "{48B113FE-A9DA-47C4-B1A2-377C3E75F23F}"
EndProject
Global
	GlobalSection(SolutionConfigurationPlatforms) = preSolution
		Debug|Any CPU = Debug|Any CPU
		Release|Any CPU = Release|Any CPU
	EndGlobalSection
	GlobalSection(ProjectConfigurationPlatforms) = postSolution
		{48B113FE-A9DA-47C4-B1A2-377C3E75F23F}.Debug|Any CPU.ActiveCfg = Debug|Any CPU
		{48B113FE-A9DA-47C4-B1A2-377C3E75F23F}.Debug|Any CPU.Build.0 = Debug|Any CPU
		{48B113FE-A9DA-47C4-B1A2-377C3E75F23F}.Release|Any CPU.ActiveCfg = Release|Any CPU
		{48B113FE-A9DA-47C4-B1A2-377C3E75F23F}.Release|Any CPU.Build.0 = Release|Any CPU
	EndGlobalSection
	GlobalSection(SolutionProperties) = preSolution
		HideSolutionNode = FALSE
	EndGlobalSection
	GlobalSection(ExtensibilityGlobals) = postSolution
		SolutionGuid = {CEE31BC3-8C7B-4438-81EE-0C5CB6A40B61}
	EndGlobalSection
EndGlobal
