
Microsoft Visual Studio Solution File, Format Version 12.00
# Visual Studio Version 17
VisualStudioVersion = 17.11.35312.102
MinimumVisualStudioVersion = 10.0.40219.1
Project("{FAE04EC0-301F-11D3-BF4B-00C04F79EFBC}") = "RoutingInASPNETCoreWebAPI", "RoutingInASPNETCoreWebAPI\RoutingInASPNETCoreWebAPI.csproj", "{DC8F1C3B-8A4E-4A2E-870F-E8D58DA81DD0}"
EndProject
Global
	GlobalSection(SolutionConfigurationPlatforms) = preSolution
		Debug|Any CPU = Debug|Any CPU
		Release|Any CPU = Release|Any CPU
	EndGlobalSection
	GlobalSection(ProjectConfigurationPlatforms) = postSolution
		{DC8F1C3B-8A4E-4A2E-870F-E8D58DA81DD0}.Debug|Any CPU.ActiveCfg = Debug|Any CPU
		{DC8F1C3B-8A4E-4A2E-870F-E8D58DA81DD0}.Debug|Any CPU.Build.0 = Debug|Any CPU
		{DC8F1C3B-8A4E-4A2E-870F-E8D58DA81DD0}.Release|Any CPU.ActiveCfg = Release|Any CPU
		{DC8F1C3B-8A4E-4A2E-870F-E8D58DA81DD0}.Release|Any CPU.Build.0 = Release|Any CPU
	EndGlobalSection
	GlobalSection(SolutionProperties) = preSolution
		HideSolutionNode = FALSE
	EndGlobalSection
	GlobalSection(ExtensibilityGlobals) = postSolution
		SolutionGuid = {11C3F57E-51CE-4011-81BE-280A1BA10724}
	EndGlobalSection
EndGlobal
